// !$*UTF8*$!
{
	archiveVersion = 1;
	classes = {
	};
	objectVersion = 52;
	objects = {

/* Begin PBXBuildFile section */
		5BE5748ACD5735A59E83CA96 /* Pods_yumemi_ios.framework in Frameworks */ = {isa = PBXBuildFile; fileRef = 8B93E6FD93D2DCC518C0A717 /* Pods_yumemi_ios.framework */; };
		8445F05630191FE7710D62FC /* Pods_yumemi_ios_yumemi_iosUITests.framework in Frameworks */ = {isa = PBXBuildFile; fileRef = F40449A48FF3D9B72AD175B4 /* Pods_yumemi_ios_yumemi_iosUITests.framework */; };
		A1168E00B4B06922B30B4D9B /* Pods_yumemi_iosTests.framework in Frameworks */ = {isa = PBXBuildFile; fileRef = AC0CE4BC1C1132FDF0F80A2A /* Pods_yumemi_iosTests.framework */; };
		BB06FE202635674200562776 /* WeatherModel.swift in Sources */ = {isa = PBXBuildFile; fileRef = BB06FE1F2635674200562776 /* WeatherModel.swift */; };
		BB06FE252635674C00562776 /* WeatherPresenter.swift in Sources */ = {isa = PBXBuildFile; fileRef = BB06FE242635674C00562776 /* WeatherPresenter.swift */; };
		BB588603263C4A0F00C3DF84 /* Localizable.strings in Resources */ = {isa = PBXBuildFile; fileRef = BB588602263C4A0F00C3DF84 /* Localizable.strings */; };
		BB58860C263C4A6400C3DF84 /* ViewBase.swift in Sources */ = {isa = PBXBuildFile; fileRef = BB58860B263C4A6400C3DF84 /* ViewBase.swift */; };
		BB588614263C4B2F00C3DF84 /* PresenterBase.swift in Sources */ = {isa = PBXBuildFile; fileRef = BB588613263C4B2F00C3DF84 /* PresenterBase.swift */; };
		BB588619263C4B4700C3DF84 /* ViewControllerInstantiable.swift in Sources */ = {isa = PBXBuildFile; fileRef = BB588618263C4B4700C3DF84 /* ViewControllerInstantiable.swift */; };
		BB58861E263C4B6400C3DF84 /* PresenterInstantiable.swift in Sources */ = {isa = PBXBuildFile; fileRef = BB58861D263C4B6400C3DF84 /* PresenterInstantiable.swift */; };
		BB588624263C4BA000C3DF84 /* ViewControllerBase.swift in Sources */ = {isa = PBXBuildFile; fileRef = BB588623263C4BA000C3DF84 /* ViewControllerBase.swift */; };
		BBC7125A2637F11500EEB71B /* GoogleService-Info.plist in Resources */ = {isa = PBXBuildFile; fileRef = BBC712592637F11500EEB71B /* GoogleService-Info.plist */; };
		BBDFF3962634476400B85F7C /* AppDelegate.swift in Sources */ = {isa = PBXBuildFile; fileRef = BBDFF3952634476400B85F7C /* AppDelegate.swift */; };
		BBDFF39F2634476500B85F7C /* Assets.xcassets in Resources */ = {isa = PBXBuildFile; fileRef = BBDFF39E2634476500B85F7C /* Assets.xcassets */; };
		BBDFF3A22634476500B85F7C /* LaunchScreen.storyboard in Resources */ = {isa = PBXBuildFile; fileRef = BBDFF3A02634476500B85F7C /* LaunchScreen.storyboard */; };
		BBDFF3AD2634476600B85F7C /* yumemi_iosTests.swift in Sources */ = {isa = PBXBuildFile; fileRef = BBDFF3AC2634476600B85F7C /* yumemi_iosTests.swift */; };
		BBDFF3B82634476600B85F7C /* yumemi_iosUITests.swift in Sources */ = {isa = PBXBuildFile; fileRef = BBDFF3B72634476600B85F7C /* yumemi_iosUITests.swift */; };
		BBDFF3D926344C3300B85F7C /* Weather.storyboard in Resources */ = {isa = PBXBuildFile; fileRef = BBDFF3D826344C3200B85F7C /* Weather.storyboard */; };
		BBDFF3E426344C5700B85F7C /* WeatherViewController.swift in Sources */ = {isa = PBXBuildFile; fileRef = BBDFF3E326344C5700B85F7C /* WeatherViewController.swift */; };
		BBDFF3EA26344CF900B85F7C /* YumemiWeather in Frameworks */ = {isa = PBXBuildFile; productRef = BBDFF3E926344CF900B85F7C /* YumemiWeather */; };
/* End PBXBuildFile section */

/* Begin PBXContainerItemProxy section */
		BBDFF3A92634476600B85F7C /* PBXContainerItemProxy */ = {
			isa = PBXContainerItemProxy;
			containerPortal = BBDFF38A2634476400B85F7C /* Project object */;
			proxyType = 1;
			remoteGlobalIDString = BBDFF3912634476400B85F7C;
			remoteInfo = "yumemi-ios";
		};
		BBDFF3B42634476600B85F7C /* PBXContainerItemProxy */ = {
			isa = PBXContainerItemProxy;
			containerPortal = BBDFF38A2634476400B85F7C /* Project object */;
			proxyType = 1;
			remoteGlobalIDString = BBDFF3912634476400B85F7C;
			remoteInfo = "yumemi-ios";
		};
/* End PBXContainerItemProxy section */

/* Begin PBXFileReference section */
		2E868CD5549C09FAC43774B2 /* Pods-yumemi-iosTests.release.xcconfig */ = {isa = PBXFileReference; includeInIndex = 1; lastKnownFileType = text.xcconfig; name = "Pods-yumemi-iosTests.release.xcconfig"; path = "Target Support Files/Pods-yumemi-iosTests/Pods-yumemi-iosTests.release.xcconfig"; sourceTree = "<group>"; };
		34CCC9135B5F9E6192A81998 /* Pods-yumemi-ios-yumemi-iosUITests.debug.xcconfig */ = {isa = PBXFileReference; includeInIndex = 1; lastKnownFileType = text.xcconfig; name = "Pods-yumemi-ios-yumemi-iosUITests.debug.xcconfig"; path = "Target Support Files/Pods-yumemi-ios-yumemi-iosUITests/Pods-yumemi-ios-yumemi-iosUITests.debug.xcconfig"; sourceTree = "<group>"; };
		5FA5B5799FD3C1421E0C367A /* Pods-yumemi-ios-yumemi-iosUITests.release.xcconfig */ = {isa = PBXFileReference; includeInIndex = 1; lastKnownFileType = text.xcconfig; name = "Pods-yumemi-ios-yumemi-iosUITests.release.xcconfig"; path = "Target Support Files/Pods-yumemi-ios-yumemi-iosUITests/Pods-yumemi-ios-yumemi-iosUITests.release.xcconfig"; sourceTree = "<group>"; };
		8B93E6FD93D2DCC518C0A717 /* Pods_yumemi_ios.framework */ = {isa = PBXFileReference; explicitFileType = wrapper.framework; includeInIndex = 0; path = Pods_yumemi_ios.framework; sourceTree = BUILT_PRODUCTS_DIR; };
		90440060686D2166DD0A7479 /* Pods-yumemi-ios.release.xcconfig */ = {isa = PBXFileReference; includeInIndex = 1; lastKnownFileType = text.xcconfig; name = "Pods-yumemi-ios.release.xcconfig"; path = "Target Support Files/Pods-yumemi-ios/Pods-yumemi-ios.release.xcconfig"; sourceTree = "<group>"; };
		AC0CE4BC1C1132FDF0F80A2A /* Pods_yumemi_iosTests.framework */ = {isa = PBXFileReference; explicitFileType = wrapper.framework; includeInIndex = 0; path = Pods_yumemi_iosTests.framework; sourceTree = BUILT_PRODUCTS_DIR; };
		AD61998D3D0F1448DD4EDD5B /* Pods-yumemi-iosTests.debug.xcconfig */ = {isa = PBXFileReference; includeInIndex = 1; lastKnownFileType = text.xcconfig; name = "Pods-yumemi-iosTests.debug.xcconfig"; path = "Target Support Files/Pods-yumemi-iosTests/Pods-yumemi-iosTests.debug.xcconfig"; sourceTree = "<group>"; };
		BB06FE1F2635674200562776 /* WeatherModel.swift */ = {isa = PBXFileReference; lastKnownFileType = sourcecode.swift; path = WeatherModel.swift; sourceTree = "<group>"; };
		BB06FE242635674C00562776 /* WeatherPresenter.swift */ = {isa = PBXFileReference; lastKnownFileType = sourcecode.swift; path = WeatherPresenter.swift; sourceTree = "<group>"; };
		BB588602263C4A0F00C3DF84 /* Localizable.strings */ = {isa = PBXFileReference; lastKnownFileType = text.plist.strings; path = Localizable.strings; sourceTree = "<group>"; };
		BB58860B263C4A6400C3DF84 /* ViewBase.swift */ = {isa = PBXFileReference; lastKnownFileType = sourcecode.swift; path = ViewBase.swift; sourceTree = "<group>"; };
		BB588613263C4B2F00C3DF84 /* PresenterBase.swift */ = {isa = PBXFileReference; lastKnownFileType = sourcecode.swift; path = PresenterBase.swift; sourceTree = "<group>"; };
		BB588618263C4B4700C3DF84 /* ViewControllerInstantiable.swift */ = {isa = PBXFileReference; lastKnownFileType = sourcecode.swift; path = ViewControllerInstantiable.swift; sourceTree = "<group>"; };
		BB58861D263C4B6400C3DF84 /* PresenterInstantiable.swift */ = {isa = PBXFileReference; lastKnownFileType = sourcecode.swift; path = PresenterInstantiable.swift; sourceTree = "<group>"; };
		BB588623263C4BA000C3DF84 /* ViewControllerBase.swift */ = {isa = PBXFileReference; lastKnownFileType = sourcecode.swift; path = ViewControllerBase.swift; sourceTree = "<group>"; };
		BBC712592637F11500EEB71B /* GoogleService-Info.plist */ = {isa = PBXFileReference; fileEncoding = 4; lastKnownFileType = text.plist.xml; path = "GoogleService-Info.plist"; sourceTree = "<group>"; };
		BBDFF3922634476400B85F7C /* yumemi-ios.app */ = {isa = PBXFileReference; explicitFileType = wrapper.application; includeInIndex = 0; path = "yumemi-ios.app"; sourceTree = BUILT_PRODUCTS_DIR; };
		BBDFF3952634476400B85F7C /* AppDelegate.swift */ = {isa = PBXFileReference; lastKnownFileType = sourcecode.swift; path = AppDelegate.swift; sourceTree = "<group>"; };
		BBDFF39E2634476500B85F7C /* Assets.xcassets */ = {isa = PBXFileReference; lastKnownFileType = folder.assetcatalog; path = Assets.xcassets; sourceTree = "<group>"; };
		BBDFF3A12634476500B85F7C /* Base */ = {isa = PBXFileReference; lastKnownFileType = file.storyboard; name = Base; path = Base.lproj/LaunchScreen.storyboard; sourceTree = "<group>"; };
		BBDFF3A32634476500B85F7C /* Info.plist */ = {isa = PBXFileReference; lastKnownFileType = text.plist.xml; path = Info.plist; sourceTree = "<group>"; };
		BBDFF3A82634476600B85F7C /* yumemi-iosTests.xctest */ = {isa = PBXFileReference; explicitFileType = wrapper.cfbundle; includeInIndex = 0; path = "yumemi-iosTests.xctest"; sourceTree = BUILT_PRODUCTS_DIR; };
		BBDFF3AC2634476600B85F7C /* yumemi_iosTests.swift */ = {isa = PBXFileReference; lastKnownFileType = sourcecode.swift; path = yumemi_iosTests.swift; sourceTree = "<group>"; };
		BBDFF3AE2634476600B85F7C /* Info.plist */ = {isa = PBXFileReference; lastKnownFileType = text.plist.xml; path = Info.plist; sourceTree = "<group>"; };
		BBDFF3B32634476600B85F7C /* yumemi-iosUITests.xctest */ = {isa = PBXFileReference; explicitFileType = wrapper.cfbundle; includeInIndex = 0; path = "yumemi-iosUITests.xctest"; sourceTree = BUILT_PRODUCTS_DIR; };
		BBDFF3B72634476600B85F7C /* yumemi_iosUITests.swift */ = {isa = PBXFileReference; lastKnownFileType = sourcecode.swift; path = yumemi_iosUITests.swift; sourceTree = "<group>"; };
		BBDFF3B92634476600B85F7C /* Info.plist */ = {isa = PBXFileReference; lastKnownFileType = text.plist.xml; path = Info.plist; sourceTree = "<group>"; };
		BBDFF3D826344C3200B85F7C /* Weather.storyboard */ = {isa = PBXFileReference; lastKnownFileType = file.storyboard; path = Weather.storyboard; sourceTree = "<group>"; };
		BBDFF3E326344C5700B85F7C /* WeatherViewController.swift */ = {isa = PBXFileReference; lastKnownFileType = sourcecode.swift; path = WeatherViewController.swift; sourceTree = "<group>"; };
		DC19EED911D2ADEF32804168 /* Pods-yumemi-ios.debug.xcconfig */ = {isa = PBXFileReference; includeInIndex = 1; lastKnownFileType = text.xcconfig; name = "Pods-yumemi-ios.debug.xcconfig"; path = "Target Support Files/Pods-yumemi-ios/Pods-yumemi-ios.debug.xcconfig"; sourceTree = "<group>"; };
		F40449A48FF3D9B72AD175B4 /* Pods_yumemi_ios_yumemi_iosUITests.framework */ = {isa = PBXFileReference; explicitFileType = wrapper.framework; includeInIndex = 0; path = Pods_yumemi_ios_yumemi_iosUITests.framework; sourceTree = BUILT_PRODUCTS_DIR; };
/* End PBXFileReference section */

/* Begin PBXFrameworksBuildPhase section */
		BBDFF38F2634476400B85F7C /* Frameworks */ = {
			isa = PBXFrameworksBuildPhase;
			buildActionMask = 2147483647;
			files = (
				BBDFF3EA26344CF900B85F7C /* YumemiWeather in Frameworks */,
				5BE5748ACD5735A59E83CA96 /* Pods_yumemi_ios.framework in Frameworks */,
			);
			runOnlyForDeploymentPostprocessing = 0;
		};
		BBDFF3A52634476600B85F7C /* Frameworks */ = {
			isa = PBXFrameworksBuildPhase;
			buildActionMask = 2147483647;
			files = (
				A1168E00B4B06922B30B4D9B /* Pods_yumemi_iosTests.framework in Frameworks */,
			);
			runOnlyForDeploymentPostprocessing = 0;
		};
		BBDFF3B02634476600B85F7C /* Frameworks */ = {
			isa = PBXFrameworksBuildPhase;
			buildActionMask = 2147483647;
			files = (
				8445F05630191FE7710D62FC /* Pods_yumemi_ios_yumemi_iosUITests.framework in Frameworks */,
			);
			runOnlyForDeploymentPostprocessing = 0;
		};
/* End PBXFrameworksBuildPhase section */

/* Begin PBXGroup section */
		B2276BA08AAFD5C41916AA59 /* Frameworks */ = {
			isa = PBXGroup;
			children = (
				8B93E6FD93D2DCC518C0A717 /* Pods_yumemi_ios.framework */,
				F40449A48FF3D9B72AD175B4 /* Pods_yumemi_ios_yumemi_iosUITests.framework */,
				AC0CE4BC1C1132FDF0F80A2A /* Pods_yumemi_iosTests.framework */,
			);
			name = Frameworks;
			sourceTree = "<group>";
		};
		BB58860A263C4A4A00C3DF84 /* Protocols */ = {
			isa = PBXGroup;
			children = (
				BB58860B263C4A6400C3DF84 /* ViewBase.swift */,
				BB588613263C4B2F00C3DF84 /* PresenterBase.swift */,
				BB588618263C4B4700C3DF84 /* ViewControllerInstantiable.swift */,
				BB58861D263C4B6400C3DF84 /* PresenterInstantiable.swift */,
			);
			path = Protocols;
			sourceTree = "<group>";
		};
		BB588622263C4B8F00C3DF84 /* Base */ = {
			isa = PBXGroup;
			children = (
				BB588623263C4BA000C3DF84 /* ViewControllerBase.swift */,
			);
			path = Base;
			sourceTree = "<group>";
		};
		BB588644263C4CA000C3DF84 /* Weather */ = {
			isa = PBXGroup;
			children = (
				BBDFF3E326344C5700B85F7C /* WeatherViewController.swift */,
			);
			path = Weather;
			sourceTree = "<group>";
		};
		BB588645263C4CBD00C3DF84 /* Weather */ = {
			isa = PBXGroup;
			children = (
				BB06FE242635674C00562776 /* WeatherPresenter.swift */,
			);
			path = Weather;
			sourceTree = "<group>";
		};
		BB588646263C4CCC00C3DF84 /* Weather */ = {
			isa = PBXGroup;
			children = (
				BB06FE1F2635674200562776 /* WeatherModel.swift */,
			);
			path = Weather;
			sourceTree = "<group>";
		};
		BBDFF3892634476400B85F7C = {
			isa = PBXGroup;
			children = (
				BBDFF3942634476400B85F7C /* yumemi-ios */,
				BBDFF3AB2634476600B85F7C /* yumemi-iosTests */,
				BBDFF3B62634476600B85F7C /* yumemi-iosUITests */,
				BBDFF3932634476400B85F7C /* Products */,
				FEED8ED3820F170B4AC65038 /* Pods */,
				B2276BA08AAFD5C41916AA59 /* Frameworks */,
			);
			sourceTree = "<group>";
		};
		BBDFF3932634476400B85F7C /* Products */ = {
			isa = PBXGroup;
			children = (
				BBDFF3922634476400B85F7C /* yumemi-ios.app */,
				BBDFF3A82634476600B85F7C /* yumemi-iosTests.xctest */,
				BBDFF3B32634476600B85F7C /* yumemi-iosUITests.xctest */,
			);
			name = Products;
			sourceTree = "<group>";
		};
		BBDFF3942634476400B85F7C /* yumemi-ios */ = {
			isa = PBXGroup;
			children = (
				BBDFF3CC26344B0800B85F7C /* Resources */,
				BBDFF3CB26344AFE00B85F7C /*  Sources */,
				BBDFF3CD26344B1200B85F7C /* Storyboards */,
			);
			path = "yumemi-ios";
			sourceTree = "<group>";
		};
		BBDFF3AB2634476600B85F7C /* yumemi-iosTests */ = {
			isa = PBXGroup;
			children = (
				BBDFF3AC2634476600B85F7C /* yumemi_iosTests.swift */,
				BBDFF3AE2634476600B85F7C /* Info.plist */,
			);
			path = "yumemi-iosTests";
			sourceTree = "<group>";
		};
		BBDFF3B62634476600B85F7C /* yumemi-iosUITests */ = {
			isa = PBXGroup;
			children = (
				BBDFF3B72634476600B85F7C /* yumemi_iosUITests.swift */,
				BBDFF3B92634476600B85F7C /* Info.plist */,
			);
			path = "yumemi-iosUITests";
			sourceTree = "<group>";
		};
		BBDFF3CB26344AFE00B85F7C /*  Sources */ = {
			isa = PBXGroup;
			children = (
				BBDFF3CE26344B2300B85F7C /* AppDelegate */,
				BB58860A263C4A4A00C3DF84 /* Protocols */,
				BBDFF3CF26344B6E00B85F7C /* Models */,
				BBDFF3D026344B7500B85F7C /* Views */,
				BBDFF3D126344B7B00B85F7C /* Presenters */,
			);
			path = " Sources";
			sourceTree = "<group>";
		};
		BBDFF3CC26344B0800B85F7C /* Resources */ = {
			isa = PBXGroup;
			children = (
				BBDFF39E2634476500B85F7C /* Assets.xcassets */,
				BBDFF3A32634476500B85F7C /* Info.plist */,
				BBC712592637F11500EEB71B /* GoogleService-Info.plist */,
				BB588602263C4A0F00C3DF84 /* Localizable.strings */,
			);
			path = Resources;
			sourceTree = "<group>";
		};
		BBDFF3CD26344B1200B85F7C /* Storyboards */ = {
			isa = PBXGroup;
			children = (
				BBDFF3A02634476500B85F7C /* LaunchScreen.storyboard */,
				BBDFF3D826344C3200B85F7C /* Weather.storyboard */,
			);
			path = Storyboards;
			sourceTree = "<group>";
		};
		BBDFF3CE26344B2300B85F7C /* AppDelegate */ = {
			isa = PBXGroup;
			children = (
				BBDFF3952634476400B85F7C /* AppDelegate.swift */,
			);
			path = AppDelegate;
			sourceTree = "<group>";
		};
		BBDFF3CF26344B6E00B85F7C /* Models */ = {
			isa = PBXGroup;
			children = (
				BB588646263C4CCC00C3DF84 /* Weather */,
			);
			path = Models;
			sourceTree = "<group>";
		};
		BBDFF3D026344B7500B85F7C /* Views */ = {
			isa = PBXGroup;
			children = (
				BB588622263C4B8F00C3DF84 /* Base */,
				BB588644263C4CA000C3DF84 /* Weather */,
			);
			path = Views;
			sourceTree = "<group>";
		};
		BBDFF3D126344B7B00B85F7C /* Presenters */ = {
			isa = PBXGroup;
			children = (
				BB588645263C4CBD00C3DF84 /* Weather */,
			);
			path = Presenters;
			sourceTree = "<group>";
		};
		FEED8ED3820F170B4AC65038 /* Pods */ = {
			isa = PBXGroup;
			children = (
				DC19EED911D2ADEF32804168 /* Pods-yumemi-ios.debug.xcconfig */,
				90440060686D2166DD0A7479 /* Pods-yumemi-ios.release.xcconfig */,
				34CCC9135B5F9E6192A81998 /* Pods-yumemi-ios-yumemi-iosUITests.debug.xcconfig */,
				5FA5B5799FD3C1421E0C367A /* Pods-yumemi-ios-yumemi-iosUITests.release.xcconfig */,
				AD61998D3D0F1448DD4EDD5B /* Pods-yumemi-iosTests.debug.xcconfig */,
				2E868CD5549C09FAC43774B2 /* Pods-yumemi-iosTests.release.xcconfig */,
			);
			path = Pods;
			sourceTree = "<group>";
		};
/* End PBXGroup section */

/* Begin PBXNativeTarget section */
		BBDFF3912634476400B85F7C /* yumemi-ios */ = {
			isa = PBXNativeTarget;
			buildConfigurationList = BBDFF3BC2634476600B85F7C /* Build configuration list for PBXNativeTarget "yumemi-ios" */;
			buildPhases = (
				AF73C9288DD51540AC6FFA74 /* [CP] Check Pods Manifest.lock */,
				BB58864A263C4E9900C3DF84 /* ShellScript */,
				BBDFF38E2634476400B85F7C /* Sources */,
				BBDFF38F2634476400B85F7C /* Frameworks */,
				BBDFF3902634476400B85F7C /* Resources */,
				BA687C18BD78565EF5C27579 /* [CP] Embed Pods Frameworks */,
			);
			buildRules = (
			);
			dependencies = (
			);
			name = "yumemi-ios";
			packageProductDependencies = (
				BBDFF3E926344CF900B85F7C /* YumemiWeather */,
			);
			productName = "yumemi-ios";
			productReference = BBDFF3922634476400B85F7C /* yumemi-ios.app */;
			productType = "com.apple.product-type.application";
		};
		BBDFF3A72634476600B85F7C /* yumemi-iosTests */ = {
			isa = PBXNativeTarget;
			buildConfigurationList = BBDFF3BF2634476600B85F7C /* Build configuration list for PBXNativeTarget "yumemi-iosTests" */;
			buildPhases = (
				FA2E71CE320918A4405ED3FF /* [CP] Check Pods Manifest.lock */,
				BBDFF3A42634476600B85F7C /* Sources */,
				BBDFF3A52634476600B85F7C /* Frameworks */,
				BBDFF3A62634476600B85F7C /* Resources */,
			);
			buildRules = (
			);
			dependencies = (
				BBDFF3AA2634476600B85F7C /* PBXTargetDependency */,
			);
			name = "yumemi-iosTests";
			productName = "yumemi-iosTests";
			productReference = BBDFF3A82634476600B85F7C /* yumemi-iosTests.xctest */;
			productType = "com.apple.product-type.bundle.unit-test";
		};
		BBDFF3B22634476600B85F7C /* yumemi-iosUITests */ = {
			isa = PBXNativeTarget;
			buildConfigurationList = BBDFF3C22634476600B85F7C /* Build configuration list for PBXNativeTarget "yumemi-iosUITests" */;
			buildPhases = (
				37DA54B36AF5B1662272A6F2 /* [CP] Check Pods Manifest.lock */,
				BBDFF3AF2634476600B85F7C /* Sources */,
				BBDFF3B02634476600B85F7C /* Frameworks */,
				BBDFF3B12634476600B85F7C /* Resources */,
				AC1550577ACB5DA42F4CF44C /* [CP] Embed Pods Frameworks */,
			);
			buildRules = (
			);
			dependencies = (
				BBDFF3B52634476600B85F7C /* PBXTargetDependency */,
			);
			name = "yumemi-iosUITests";
			productName = "yumemi-iosUITests";
			productReference = BBDFF3B32634476600B85F7C /* yumemi-iosUITests.xctest */;
			productType = "com.apple.product-type.bundle.ui-testing";
		};
/* End PBXNativeTarget section */

/* Begin PBXProject section */
		BBDFF38A2634476400B85F7C /* Project object */ = {
			isa = PBXProject;
			attributes = {
				LastSwiftUpdateCheck = 1240;
				LastUpgradeCheck = 1240;
				TargetAttributes = {
					BBDFF3912634476400B85F7C = {
						CreatedOnToolsVersion = 12.4;
					};
					BBDFF3A72634476600B85F7C = {
						CreatedOnToolsVersion = 12.4;
						TestTargetID = BBDFF3912634476400B85F7C;
					};
					BBDFF3B22634476600B85F7C = {
						CreatedOnToolsVersion = 12.4;
						TestTargetID = BBDFF3912634476400B85F7C;
					};
				};
			};
			buildConfigurationList = BBDFF38D2634476400B85F7C /* Build configuration list for PBXProject "yumemi-ios" */;
			compatibilityVersion = "Xcode 9.3";
			developmentRegion = en;
			hasScannedForEncodings = 0;
			knownRegions = (
				en,
				Base,
			);
			mainGroup = BBDFF3892634476400B85F7C;
			packageReferences = (
				BBDFF3E826344CF900B85F7C /* XCRemoteSwiftPackageReference "ios-training" */,
			);
			productRefGroup = BBDFF3932634476400B85F7C /* Products */;
			projectDirPath = "";
			projectRoot = "";
			targets = (
				BBDFF3912634476400B85F7C /* yumemi-ios */,
				BBDFF3A72634476600B85F7C /* yumemi-iosTests */,
				BBDFF3B22634476600B85F7C /* yumemi-iosUITests */,
			);
		};
/* End PBXProject section */

/* Begin PBXResourcesBuildPhase section */
		BBDFF3902634476400B85F7C /* Resources */ = {
			isa = PBXResourcesBuildPhase;
			buildActionMask = 2147483647;
			files = (
				BB588603263C4A0F00C3DF84 /* Localizable.strings in Resources */,
				BBDFF3A22634476500B85F7C /* LaunchScreen.storyboard in Resources */,
				BBC7125A2637F11500EEB71B /* GoogleService-Info.plist in Resources */,
				BBDFF3D926344C3300B85F7C /* Weather.storyboard in Resources */,
				BBDFF39F2634476500B85F7C /* Assets.xcassets in Resources */,
			);
			runOnlyForDeploymentPostprocessing = 0;
		};
		BBDFF3A62634476600B85F7C /* Resources */ = {
			isa = PBXResourcesBuildPhase;
			buildActionMask = 2147483647;
			files = (
			);
			runOnlyForDeploymentPostprocessing = 0;
		};
		BBDFF3B12634476600B85F7C /* Resources */ = {
			isa = PBXResourcesBuildPhase;
			buildActionMask = 2147483647;
			files = (
			);
			runOnlyForDeploymentPostprocessing = 0;
		};
/* End PBXResourcesBuildPhase section */

/* Begin PBXShellScriptBuildPhase section */
		37DA54B36AF5B1662272A6F2 /* [CP] Check Pods Manifest.lock */ = {
			isa = PBXShellScriptBuildPhase;
			buildActionMask = 2147483647;
			files = (
			);
			inputFileListPaths = (
			);
			inputPaths = (
				"${PODS_PODFILE_DIR_PATH}/Podfile.lock",
				"${PODS_ROOT}/Manifest.lock",
			);
			name = "[CP] Check Pods Manifest.lock";
			outputFileListPaths = (
			);
			outputPaths = (
				"$(DERIVED_FILE_DIR)/Pods-yumemi-ios-yumemi-iosUITests-checkManifestLockResult.txt",
			);
			runOnlyForDeploymentPostprocessing = 0;
			shellPath = /bin/sh;
			shellScript = "diff \"${PODS_PODFILE_DIR_PATH}/Podfile.lock\" \"${PODS_ROOT}/Manifest.lock\" > /dev/null\nif [ $? != 0 ] ; then\n    # print error to STDERR\n    echo \"error: The sandbox is not in sync with the Podfile.lock. Run 'pod install' or update your CocoaPods installation.\" >&2\n    exit 1\nfi\n# This output is used by Xcode 'outputs' to avoid re-running this script phase.\necho \"SUCCESS\" > \"${SCRIPT_OUTPUT_FILE_0}\"\n";
			showEnvVarsInLog = 0;
		};
		AC1550577ACB5DA42F4CF44C /* [CP] Embed Pods Frameworks */ = {
			isa = PBXShellScriptBuildPhase;
			buildActionMask = 2147483647;
			files = (
			);
			inputFileListPaths = (
				"${PODS_ROOT}/Target Support Files/Pods-yumemi-ios-yumemi-iosUITests/Pods-yumemi-ios-yumemi-iosUITests-frameworks-${CONFIGURATION}-input-files.xcfilelist",
			);
			name = "[CP] Embed Pods Frameworks";
			outputFileListPaths = (
				"${PODS_ROOT}/Target Support Files/Pods-yumemi-ios-yumemi-iosUITests/Pods-yumemi-ios-yumemi-iosUITests-frameworks-${CONFIGURATION}-output-files.xcfilelist",
			);
			runOnlyForDeploymentPostprocessing = 0;
			shellPath = /bin/sh;
			shellScript = "\"${PODS_ROOT}/Target Support Files/Pods-yumemi-ios-yumemi-iosUITests/Pods-yumemi-ios-yumemi-iosUITests-frameworks.sh\"\n";
			showEnvVarsInLog = 0;
		};
		AF73C9288DD51540AC6FFA74 /* [CP] Check Pods Manifest.lock */ = {
			isa = PBXShellScriptBuildPhase;
			buildActionMask = 2147483647;
			files = (
			);
			inputFileListPaths = (
			);
			inputPaths = (
				"${PODS_PODFILE_DIR_PATH}/Podfile.lock",
				"${PODS_ROOT}/Manifest.lock",
			);
			name = "[CP] Check Pods Manifest.lock";
			outputFileListPaths = (
			);
			outputPaths = (
				"$(DERIVED_FILE_DIR)/Pods-yumemi-ios-checkManifestLockResult.txt",
			);
			runOnlyForDeploymentPostprocessing = 0;
			shellPath = /bin/sh;
			shellScript = "diff \"${PODS_PODFILE_DIR_PATH}/Podfile.lock\" \"${PODS_ROOT}/Manifest.lock\" > /dev/null\nif [ $? != 0 ] ; then\n    # print error to STDERR\n    echo \"error: The sandbox is not in sync with the Podfile.lock. Run 'pod install' or update your CocoaPods installation.\" >&2\n    exit 1\nfi\n# This output is used by Xcode 'outputs' to avoid re-running this script phase.\necho \"SUCCESS\" > \"${SCRIPT_OUTPUT_FILE_0}\"\n";
			showEnvVarsInLog = 0;
		};
		BA687C18BD78565EF5C27579 /* [CP] Embed Pods Frameworks */ = {
			isa = PBXShellScriptBuildPhase;
			buildActionMask = 2147483647;
			files = (
			);
			inputFileListPaths = (
				"${PODS_ROOT}/Target Support Files/Pods-yumemi-ios/Pods-yumemi-ios-frameworks-${CONFIGURATION}-input-files.xcfilelist",
			);
			name = "[CP] Embed Pods Frameworks";
			outputFileListPaths = (
				"${PODS_ROOT}/Target Support Files/Pods-yumemi-ios/Pods-yumemi-ios-frameworks-${CONFIGURATION}-output-files.xcfilelist",
			);
			runOnlyForDeploymentPostprocessing = 0;
			shellPath = /bin/sh;
			shellScript = "\"${PODS_ROOT}/Target Support Files/Pods-yumemi-ios/Pods-yumemi-ios-frameworks.sh\"\n";
			showEnvVarsInLog = 0;
		};
		BB58864A263C4E9900C3DF84 /* ShellScript */ = {
			isa = PBXShellScriptBuildPhase;
			buildActionMask = 2147483647;
			files = (
			);
			inputFileListPaths = (
			);
			inputPaths = (
				"$TEMP_DIR/rswift-lastrun",
			);
			outputFileListPaths = (
			);
			outputPaths = (
				"$SRCROOT/yumemi-ios/Resources/R.generated.swift",
			);
			runOnlyForDeploymentPostprocessing = 0;
			shellPath = /bin/sh;
			shellScript = "\"$PODS_ROOT/R.swift/rswift\" generate \"$SRCROOT/yumemi-ios/Resources/R.generated.swift\"\n";
		};
		FA2E71CE320918A4405ED3FF /* [CP] Check Pods Manifest.lock */ = {
			isa = PBXShellScriptBuildPhase;
			buildActionMask = 2147483647;
			files = (
			);
			inputFileListPaths = (
			);
			inputPaths = (
				"${PODS_PODFILE_DIR_PATH}/Podfile.lock",
				"${PODS_ROOT}/Manifest.lock",
			);
			name = "[CP] Check Pods Manifest.lock";
			outputFileListPaths = (
			);
			outputPaths = (
				"$(DERIVED_FILE_DIR)/Pods-yumemi-iosTests-checkManifestLockResult.txt",
			);
			runOnlyForDeploymentPostprocessing = 0;
			shellPath = /bin/sh;
			shellScript = "diff \"${PODS_PODFILE_DIR_PATH}/Podfile.lock\" \"${PODS_ROOT}/Manifest.lock\" > /dev/null\nif [ $? != 0 ] ; then\n    # print error to STDERR\n    echo \"error: The sandbox is not in sync with the Podfile.lock. Run 'pod install' or update your CocoaPods installation.\" >&2\n    exit 1\nfi\n# This output is used by Xcode 'outputs' to avoid re-running this script phase.\necho \"SUCCESS\" > \"${SCRIPT_OUTPUT_FILE_0}\"\n";
			showEnvVarsInLog = 0;
		};
/* End PBXShellScriptBuildPhase section */

/* Begin PBXSourcesBuildPhase section */
		BBDFF38E2634476400B85F7C /* Sources */ = {
			isa = PBXSourcesBuildPhase;
			buildActionMask = 2147483647;
			files = (
				BB06FE252635674C00562776 /* WeatherPresenter.swift in Sources */,
				BB588614263C4B2F00C3DF84 /* PresenterBase.swift in Sources */,
				BB58860C263C4A6400C3DF84 /* ViewBase.swift in Sources */,
				BB588619263C4B4700C3DF84 /* ViewControllerInstantiable.swift in Sources */,
				BB58861E263C4B6400C3DF84 /* PresenterInstantiable.swift in Sources */,
				BBDFF3962634476400B85F7C /* AppDelegate.swift in Sources */,
				BB588624263C4BA000C3DF84 /* ViewControllerBase.swift in Sources */,
				BBDFF3E426344C5700B85F7C /* WeatherViewController.swift in Sources */,
				BB06FE202635674200562776 /* WeatherModel.swift in Sources */,
			);
			runOnlyForDeploymentPostprocessing = 0;
		};
		BBDFF3A42634476600B85F7C /* Sources */ = {
			isa = PBXSourcesBuildPhase;
			buildActionMask = 2147483647;
			files = (
				BBDFF3AD2634476600B85F7C /* yumemi_iosTests.swift in Sources */,
			);
			runOnlyForDeploymentPostprocessing = 0;
		};
		BBDFF3AF2634476600B85F7C /* Sources */ = {
			isa = PBXSourcesBuildPhase;
			buildActionMask = 2147483647;
			files = (
				BBDFF3B82634476600B85F7C /* yumemi_iosUITests.swift in Sources */,
			);
			runOnlyForDeploymentPostprocessing = 0;
		};
/* End PBXSourcesBuildPhase section */

/* Begin PBXTargetDependency section */
		BBDFF3AA2634476600B85F7C /* PBXTargetDependency */ = {
			isa = PBXTargetDependency;
			target = BBDFF3912634476400B85F7C /* yumemi-ios */;
			targetProxy = BBDFF3A92634476600B85F7C /* PBXContainerItemProxy */;
		};
		BBDFF3B52634476600B85F7C /* PBXTargetDependency */ = {
			isa = PBXTargetDependency;
			target = BBDFF3912634476400B85F7C /* yumemi-ios */;
			targetProxy = BBDFF3B42634476600B85F7C /* PBXContainerItemProxy */;
		};
/* End PBXTargetDependency section */

/* Begin PBXVariantGroup section */
		BBDFF3A02634476500B85F7C /* LaunchScreen.storyboard */ = {
			isa = PBXVariantGroup;
			children = (
				BBDFF3A12634476500B85F7C /* Base */,
			);
			name = LaunchScreen.storyboard;
			sourceTree = "<group>";
		};
/* End PBXVariantGroup section */

/* Begin XCBuildConfiguration section */
		BBDFF3BA2634476600B85F7C /* Debug */ = {
			isa = XCBuildConfiguration;
			buildSettings = {
				ALWAYS_SEARCH_USER_PATHS = NO;
				CLANG_ANALYZER_NONNULL = YES;
				CLANG_ANALYZER_NUMBER_OBJECT_CONVERSION = YES_AGGRESSIVE;
				CLANG_CXX_LANGUAGE_STANDARD = "gnu++14";
				CLANG_CXX_LIBRARY = "libc++";
				CLANG_ENABLE_MODULES = YES;
				CLANG_ENABLE_OBJC_ARC = YES;
				CLANG_ENABLE_OBJC_WEAK = YES;
				CLANG_WARN_BLOCK_CAPTURE_AUTORELEASING = YES;
				CLANG_WARN_BOOL_CONVERSION = YES;
				CLANG_WARN_COMMA = YES;
				CLANG_WARN_CONSTANT_CONVERSION = YES;
				CLANG_WARN_DEPRECATED_OBJC_IMPLEMENTATIONS = YES;
				CLANG_WARN_DIRECT_OBJC_ISA_USAGE = YES_ERROR;
				CLANG_WARN_DOCUMENTATION_COMMENTS = YES;
				CLANG_WARN_EMPTY_BODY = YES;
				CLANG_WARN_ENUM_CONVERSION = YES;
				CLANG_WARN_INFINITE_RECURSION = YES;
				CLANG_WARN_INT_CONVERSION = YES;
				CLANG_WARN_NON_LITERAL_NULL_CONVERSION = YES;
				CLANG_WARN_OBJC_IMPLICIT_RETAIN_SELF = YES;
				CLANG_WARN_OBJC_LITERAL_CONVERSION = YES;
				CLANG_WARN_OBJC_ROOT_CLASS = YES_ERROR;
				CLANG_WARN_QUOTED_INCLUDE_IN_FRAMEWORK_HEADER = YES;
				CLANG_WARN_RANGE_LOOP_ANALYSIS = YES;
				CLANG_WARN_STRICT_PROTOTYPES = YES;
				CLANG_WARN_SUSPICIOUS_MOVE = YES;
				CLANG_WARN_UNGUARDED_AVAILABILITY = YES_AGGRESSIVE;
				CLANG_WARN_UNREACHABLE_CODE = YES;
				CLANG_WARN__DUPLICATE_METHOD_MATCH = YES;
				COPY_PHASE_STRIP = NO;
				DEBUG_INFORMATION_FORMAT = dwarf;
				ENABLE_STRICT_OBJC_MSGSEND = YES;
				ENABLE_TESTABILITY = YES;
				GCC_C_LANGUAGE_STANDARD = gnu11;
				GCC_DYNAMIC_NO_PIC = NO;
				GCC_NO_COMMON_BLOCKS = YES;
				GCC_OPTIMIZATION_LEVEL = 0;
				GCC_PREPROCESSOR_DEFINITIONS = (
					"DEBUG=1",
					"$(inherited)",
				);
				GCC_WARN_64_TO_32_BIT_CONVERSION = YES;
				GCC_WARN_ABOUT_RETURN_TYPE = YES_ERROR;
				GCC_WARN_UNDECLARED_SELECTOR = YES;
				GCC_WARN_UNINITIALIZED_AUTOS = YES_AGGRESSIVE;
				GCC_WARN_UNUSED_FUNCTION = YES;
				GCC_WARN_UNUSED_VARIABLE = YES;
				IPHONEOS_DEPLOYMENT_TARGET = 14.4;
				MTL_ENABLE_DEBUG_INFO = INCLUDE_SOURCE;
				MTL_FAST_MATH = YES;
				ONLY_ACTIVE_ARCH = YES;
				SDKROOT = iphoneos;
				SWIFT_ACTIVE_COMPILATION_CONDITIONS = DEBUG;
				SWIFT_OPTIMIZATION_LEVEL = "-Onone";
			};
			name = Debug;
		};
		BBDFF3BB2634476600B85F7C /* Release */ = {
			isa = XCBuildConfiguration;
			buildSettings = {
				ALWAYS_SEARCH_USER_PATHS = NO;
				CLANG_ANALYZER_NONNULL = YES;
				CLANG_ANALYZER_NUMBER_OBJECT_CONVERSION = YES_AGGRESSIVE;
				CLANG_CXX_LANGUAGE_STANDARD = "gnu++14";
				CLANG_CXX_LIBRARY = "libc++";
				CLANG_ENABLE_MODULES = YES;
				CLANG_ENABLE_OBJC_ARC = YES;
				CLANG_ENABLE_OBJC_WEAK = YES;
				CLANG_WARN_BLOCK_CAPTURE_AUTORELEASING = YES;
				CLANG_WARN_BOOL_CONVERSION = YES;
				CLANG_WARN_COMMA = YES;
				CLANG_WARN_CONSTANT_CONVERSION = YES;
				CLANG_WARN_DEPRECATED_OBJC_IMPLEMENTATIONS = YES;
				CLANG_WARN_DIRECT_OBJC_ISA_USAGE = YES_ERROR;
				CLANG_WARN_DOCUMENTATION_COMMENTS = YES;
				CLANG_WARN_EMPTY_BODY = YES;
				CLANG_WARN_ENUM_CONVERSION = YES;
				CLANG_WARN_INFINITE_RECURSION = YES;
				CLANG_WARN_INT_CONVERSION = YES;
				CLANG_WARN_NON_LITERAL_NULL_CONVERSION = YES;
				CLANG_WARN_OBJC_IMPLICIT_RETAIN_SELF = YES;
				CLANG_WARN_OBJC_LITERAL_CONVERSION = YES;
				CLANG_WARN_OBJC_ROOT_CLASS = YES_ERROR;
				CLANG_WARN_QUOTED_INCLUDE_IN_FRAMEWORK_HEADER = YES;
				CLANG_WARN_RANGE_LOOP_ANALYSIS = YES;
				CLANG_WARN_STRICT_PROTOTYPES = YES;
				CLANG_WARN_SUSPICIOUS_MOVE = YES;
				CLANG_WARN_UNGUARDED_AVAILABILITY = YES_AGGRESSIVE;
				CLANG_WARN_UNREACHABLE_CODE = YES;
				CLANG_WARN__DUPLICATE_METHOD_MATCH = YES;
				COPY_PHASE_STRIP = NO;
				DEBUG_INFORMATION_FORMAT = "dwarf-with-dsym";
				ENABLE_NS_ASSERTIONS = NO;
				ENABLE_STRICT_OBJC_MSGSEND = YES;
				GCC_C_LANGUAGE_STANDARD = gnu11;
				GCC_NO_COMMON_BLOCKS = YES;
				GCC_WARN_64_TO_32_BIT_CONVERSION = YES;
				GCC_WARN_ABOUT_RETURN_TYPE = YES_ERROR;
				GCC_WARN_UNDECLARED_SELECTOR = YES;
				GCC_WARN_UNINITIALIZED_AUTOS = YES_AGGRESSIVE;
				GCC_WARN_UNUSED_FUNCTION = YES;
				GCC_WARN_UNUSED_VARIABLE = YES;
				IPHONEOS_DEPLOYMENT_TARGET = 14.4;
				MTL_ENABLE_DEBUG_INFO = NO;
				MTL_FAST_MATH = YES;
				SDKROOT = iphoneos;
				SWIFT_COMPILATION_MODE = wholemodule;
				SWIFT_OPTIMIZATION_LEVEL = "-O";
				VALIDATE_PRODUCT = YES;
			};
			name = Release;
		};
		BBDFF3BD2634476600B85F7C /* Debug */ = {
			isa = XCBuildConfiguration;
			baseConfigurationReference = DC19EED911D2ADEF32804168 /* Pods-yumemi-ios.debug.xcconfig */;
			buildSettings = {
				ASSETCATALOG_COMPILER_APPICON_NAME = AppIcon;
				ASSETCATALOG_COMPILER_GLOBAL_ACCENT_COLOR_NAME = AccentColor;
				CODE_SIGN_STYLE = Automatic;
				DEVELOPMENT_TEAM = 7MTQ5H3G29;
				INFOPLIST_FILE = "$(SRCROOT)/yumemi-ios/Resources/Info.plist";
				LD_RUNPATH_SEARCH_PATHS = (
					"$(inherited)",
					"@executable_path/Frameworks",
				);
				PRODUCT_BUNDLE_IDENTIFIER = "kouyamamoto.yumemi-ios";
				PRODUCT_NAME = "$(TARGET_NAME)";
				SWIFT_VERSION = 5.0;
				TARGETED_DEVICE_FAMILY = "1,2";
			};
			name = Debug;
		};
		BBDFF3BE2634476600B85F7C /* Release */ = {
			isa = XCBuildConfiguration;
			baseConfigurationReference = 90440060686D2166DD0A7479 /* Pods-yumemi-ios.release.xcconfig */;
			buildSettings = {
				ASSETCATALOG_COMPILER_APPICON_NAME = AppIcon;
				ASSETCATALOG_COMPILER_GLOBAL_ACCENT_COLOR_NAME = AccentColor;
				CODE_SIGN_STYLE = Automatic;
				DEVELOPMENT_TEAM = 7MTQ5H3G29;
				INFOPLIST_FILE = "$(SRCROOT)/yumemi-ios/Resources/Info.plist";
				LD_RUNPATH_SEARCH_PATHS = (
					"$(inherited)",
					"@executable_path/Frameworks",
				);
				PRODUCT_BUNDLE_IDENTIFIER = "kouyamamoto.yumemi-ios";
				PRODUCT_NAME = "$(TARGET_NAME)";
				SWIFT_VERSION = 5.0;
				TARGETED_DEVICE_FAMILY = "1,2";
			};
			name = Release;
		};
		BBDFF3C02634476600B85F7C /* Debug */ = {
			isa = XCBuildConfiguration;
			baseConfigurationReference = AD61998D3D0F1448DD4EDD5B /* Pods-yumemi-iosTests.debug.xcconfig */;
			buildSettings = {
				ALWAYS_EMBED_SWIFT_STANDARD_LIBRARIES = YES;
				BUNDLE_LOADER = "$(TEST_HOST)";
				CODE_SIGN_STYLE = Automatic;
				DEVELOPMENT_TEAM = 7MTQ5H3G29;
				INFOPLIST_FILE = "yumemi-iosTests/Info.plist";
				IPHONEOS_DEPLOYMENT_TARGET = 14.4;
				LD_RUNPATH_SEARCH_PATHS = (
					"$(inherited)",
					"@executable_path/Frameworks",
					"@loader_path/Frameworks",
				);
				PRODUCT_BUNDLE_IDENTIFIER = "kouyamamoto.yumemi-iosTests";
				PRODUCT_NAME = "$(TARGET_NAME)";
				SWIFT_VERSION = 5.0;
				TARGETED_DEVICE_FAMILY = "1,2";
				TEST_HOST = "$(BUILT_PRODUCTS_DIR)/yumemi-ios.app/yumemi-ios";
			};
			name = Debug;
		};
		BBDFF3C12634476600B85F7C /* Release */ = {
			isa = XCBuildConfiguration;
			baseConfigurationReference = 2E868CD5549C09FAC43774B2 /* Pods-yumemi-iosTests.release.xcconfig */;
			buildSettings = {
				ALWAYS_EMBED_SWIFT_STANDARD_LIBRARIES = YES;
				BUNDLE_LOADER = "$(TEST_HOST)";
				CODE_SIGN_STYLE = Automatic;
				DEVELOPMENT_TEAM = 7MTQ5H3G29;
				INFOPLIST_FILE = "yumemi-iosTests/Info.plist";
				IPHONEOS_DEPLOYMENT_TARGET = 14.4;
				LD_RUNPATH_SEARCH_PATHS = (
					"$(inherited)",
					"@executable_path/Frameworks",
					"@loader_path/Frameworks",
				);
				PRODUCT_BUNDLE_IDENTIFIER = "kouyamamoto.yumemi-iosTests";
				PRODUCT_NAME = "$(TARGET_NAME)";
				SWIFT_VERSION = 5.0;
				TARGETED_DEVICE_FAMILY = "1,2";
				TEST_HOST = "$(BUILT_PRODUCTS_DIR)/yumemi-ios.app/yumemi-ios";
			};
			name = Release;
		};
		BBDFF3C32634476600B85F7C /* Debug */ = {
			isa = XCBuildConfiguration;
			baseConfigurationReference = 34CCC9135B5F9E6192A81998 /* Pods-yumemi-ios-yumemi-iosUITests.debug.xcconfig */;
			buildSettings = {
				ALWAYS_EMBED_SWIFT_STANDARD_LIBRARIES = YES;
				CODE_SIGN_STYLE = Automatic;
				DEVELOPMENT_TEAM = 7MTQ5H3G29;
				INFOPLIST_FILE = "yumemi-iosUITests/Info.plist";
				LD_RUNPATH_SEARCH_PATHS = (
					"$(inherited)",
					"@executable_path/Frameworks",
					"@loader_path/Frameworks",
				);
				PRODUCT_BUNDLE_IDENTIFIER = "kouyamamoto.yumemi-iosUITests";
				PRODUCT_NAME = "$(TARGET_NAME)";
				SWIFT_VERSION = 5.0;
				TARGETED_DEVICE_FAMILY = "1,2";
				TEST_TARGET_NAME = "yumemi-ios";
			};
			name = Debug;
		};
		BBDFF3C42634476600B85F7C /* Release */ = {
			isa = XCBuildConfiguration;
			baseConfigurationReference = 5FA5B5799FD3C1421E0C367A /* Pods-yumemi-ios-yumemi-iosUITests.release.xcconfig */;
			buildSettings = {
				ALWAYS_EMBED_SWIFT_STANDARD_LIBRARIES = YES;
				CODE_SIGN_STYLE = Automatic;
				DEVELOPMENT_TEAM = 7MTQ5H3G29;
				INFOPLIST_FILE = "yumemi-iosUITests/Info.plist";
				LD_RUNPATH_SEARCH_PATHS = (
					"$(inherited)",
					"@executable_path/Frameworks",
					"@loader_path/Frameworks",
				);
				PRODUCT_BUNDLE_IDENTIFIER = "kouyamamoto.yumemi-iosUITests";
				PRODUCT_NAME = "$(TARGET_NAME)";
				SWIFT_VERSION = 5.0;
				TARGETED_DEVICE_FAMILY = "1,2";
				TEST_TARGET_NAME = "yumemi-ios";
			};
			name = Release;
		};
/* End XCBuildConfiguration section */

/* Begin XCConfigurationList section */
		BBDFF38D2634476400B85F7C /* Build configuration list for PBXProject "yumemi-ios" */ = {
			isa = XCConfigurationList;
			buildConfigurations = (
				BBDFF3BA2634476600B85F7C /* Debug */,
				BBDFF3BB2634476600B85F7C /* Release */,
			);
			defaultConfigurationIsVisible = 0;
			defaultConfigurationName = Release;
		};
		BBDFF3BC2634476600B85F7C /* Build configuration list for PBXNativeTarget "yumemi-ios" */ = {
			isa = XCConfigurationList;
			buildConfigurations = (
				BBDFF3BD2634476600B85F7C /* Debug */,
				BBDFF3BE2634476600B85F7C /* Release */,
			);
			defaultConfigurationIsVisible = 0;
			defaultConfigurationName = Release;
		};
		BBDFF3BF2634476600B85F7C /* Build configuration list for PBXNativeTarget "yumemi-iosTests" */ = {
			isa = XCConfigurationList;
			buildConfigurations = (
				BBDFF3C02634476600B85F7C /* Debug */,
				BBDFF3C12634476600B85F7C /* Release */,
			);
			defaultConfigurationIsVisible = 0;
			defaultConfigurationName = Release;
		};
		BBDFF3C22634476600B85F7C /* Build configuration list for PBXNativeTarget "yumemi-iosUITests" */ = {
			isa = XCConfigurationList;
			buildConfigurations = (
				BBDFF3C32634476600B85F7C /* Debug */,
				BBDFF3C42634476600B85F7C /* Release */,
			);
			defaultConfigurationIsVisible = 0;
			defaultConfigurationName = Release;
		};
/* End XCConfigurationList section */

/* Begin XCRemoteSwiftPackageReference section */
		BBDFF3E826344CF900B85F7C /* XCRemoteSwiftPackageReference "ios-training" */ = {
			isa = XCRemoteSwiftPackageReference;
			repositoryURL = "https://github.com/yumemi-inc/ios-training.git";
			requirement = {
				kind = upToNextMajorVersion;
				minimumVersion = 1.0.4;
			};
		};
/* End XCRemoteSwiftPackageReference section */

/* Begin XCSwiftPackageProductDependency section */
		BBDFF3E926344CF900B85F7C /* YumemiWeather */ = {
			isa = XCSwiftPackageProductDependency;
			package = BBDFF3E826344CF900B85F7C /* XCRemoteSwiftPackageReference "ios-training" */;
			productName = YumemiWeather;
		};
/* End XCSwiftPackageProductDependency section */
	};
	rootObject = BBDFF38A2634476400B85F7C /* Project object */;
}
